
Microsoft Visual Studio Solution File, Format Version 12.00
# Visual Studio 15
VisualStudioVersion = 15.0.28307.271
MinimumVisualStudioVersion = 10.0.40219.1
Project("{FAE04EC0-301F-11D3-BF4B-00C04F79EFBC}") = "Automated WorkPlace Library", "Automated WorkPlace Library\Automated WorkPlace Library.csproj", "{35717F31-6816-4B1F-B972-E1E3C0C4083A}"
EndProject
Global
	GlobalSection(SolutionConfigurationPlatforms) = preSolution
		Debug|Any CPU = Debug|Any CPU
		Release|Any CPU = Release|Any CPU
	EndGlobalSection
	GlobalSection(ProjectConfigurationPlatforms) = postSolution
		{35717F31-6816-4B1F-B972-E1E3C0C4083A}.Debug|Any CPU.ActiveCfg = Debug|Any CPU
		{35717F31-6816-4B1F-B972-E1E3C0C4083A}.Debug|Any CPU.Build.0 = Debug|Any CPU
		{35717F31-6816-4B1F-B972-E1E3C0C4083A}.Release|Any CPU.ActiveCfg = Release|Any CPU
		{35717F31-6816-4B1F-B972-E1E3C0C4083A}.Release|Any CPU.Build.0 = Release|Any CPU
	EndGlobalSection
	GlobalSection(SolutionProperties) = preSolution
		HideSolutionNode = FALSE
	EndGlobalSection
	GlobalSection(ExtensibilityGlobals) = postSolution
		SolutionGuid = {17415F7C-87E1-4D83-97B4-14B22B5DACB6}
	EndGlobalSection
EndGlobal
